
Microsoft Visual Studio Solution File, Format Version 12.00
# Visual Studio 14
VisualStudioVersion = 14.0.25420.1
MinimumVisualStudioVersion = 10.0.40219.1
Project("{FAE04EC0-301F-11D3-BF4B-00C04F79EFBC}") = "TestLuisDonoso", "TestLuisDonoso\TestLuisDonoso.csproj", "{0066DDBB-951B-4784-95F9-5090249AECD3}"
EndProject
Project("{FAE04EC0-301F-11D3-BF4B-00C04F79EFBC}") = "TestLuisDonoso.Tests", "TestLuisDonoso.Tests\TestLuisDonoso.Tests.csproj", "{76251FFF-271C-4903-B91E-70C0B7836FB0}"
EndProject
Global
	GlobalSection(SolutionConfigurationPlatforms) = preSolution
		Debug|Any CPU = Debug|Any CPU
		Release|Any CPU = Release|Any CPU
	EndGlobalSection
	GlobalSection(ProjectConfigurationPlatforms) = postSolution
		{0066DDBB-951B-4784-95F9-5090249AECD3}.Debug|Any CPU.ActiveCfg = Debug|Any CPU
		{0066DDBB-951B-4784-95F9-5090249AECD3}.Debug|Any CPU.Build.0 = Debug|Any CPU
		{0066DDBB-951B-4784-95F9-5090249AECD3}.Release|Any CPU.ActiveCfg = Release|Any CPU
		{0066DDBB-951B-4784-95F9-5090249AECD3}.Release|Any CPU.Build.0 = Release|Any CPU
		{76251FFF-271C-4903-B91E-70C0B7836FB0}.Debug|Any CPU.ActiveCfg = Debug|Any CPU
		{76251FFF-271C-4903-B91E-70C0B7836FB0}.Debug|Any CPU.Build.0 = Debug|Any CPU
		{76251FFF-271C-4903-B91E-70C0B7836FB0}.Release|Any CPU.ActiveCfg = Release|Any CPU
		{76251FFF-271C-4903-B91E-70C0B7836FB0}.Release|Any CPU.Build.0 = Release|Any CPU
	EndGlobalSection
	GlobalSection(SolutionProperties) = preSolution
		HideSolutionNode = FALSE
	EndGlobalSection
EndGlobal
